
Microsoft Visual Studio Solution File, Format Version 12.00
# Visual Studio 15
VisualStudioVersion = 15.0.26403.7
MinimumVisualStudioVersion = 10.0.40219.1
Project("{FAE04EC0-301F-11D3-BF4B-00C04F79EFBC}") = "apache.log4net.Extensions.Logging", "src\apache.log4net.Extensions.Logging\apache.log4net.Extensions.Logging.csproj", "{A074244D-BC36-4FD1-92C7-34B046E55A74}"
EndProject
Project("{FAE04EC0-301F-11D3-BF4B-00C04F79EFBC}") = "apache.log4net.Extensions.Logging.Tests", "test\apache.log4net.Extensions.Logging.Tests\apache.log4net.Extensions.Logging.Tests.csproj", "{05A233F9-4D8A-4260-9B01-B6CD8C826BA7}"
EndProject
Project("{FAE04EC0-301F-11D3-BF4B-00C04F79EFBC}") = "SampleWebApp", "samples\SampleWebApp\SampleWebApp.csproj", "{BD9ECAB9-C0C5-482E-98D5-DAD3E5A16C9B}"
EndProject
Global
	GlobalSection(SolutionConfigurationPlatforms) = preSolution
		Debug|Any CPU = Debug|Any CPU
		Release|Any CPU = Release|Any CPU
	EndGlobalSection
	GlobalSection(ProjectConfigurationPlatforms) = postSolution
		{A074244D-BC36-4FD1-92C7-34B046E55A74}.Debug|Any CPU.ActiveCfg = Debug|Any CPU
		{A074244D-BC36-4FD1-92C7-34B046E55A74}.Debug|Any CPU.Build.0 = Debug|Any CPU
		{A074244D-BC36-4FD1-92C7-34B046E55A74}.Release|Any CPU.ActiveCfg = Release|Any CPU
		{A074244D-BC36-4FD1-92C7-34B046E55A74}.Release|Any CPU.Build.0 = Release|Any CPU
		{05A233F9-4D8A-4260-9B01-B6CD8C826BA7}.Debug|Any CPU.ActiveCfg = Debug|Any CPU
		{05A233F9-4D8A-4260-9B01-B6CD8C826BA7}.Debug|Any CPU.Build.0 = Debug|Any CPU
		{05A233F9-4D8A-4260-9B01-B6CD8C826BA7}.Release|Any CPU.ActiveCfg = Release|Any CPU
		{05A233F9-4D8A-4260-9B01-B6CD8C826BA7}.Release|Any CPU.Build.0 = Release|Any CPU
		{BD9ECAB9-C0C5-482E-98D5-DAD3E5A16C9B}.Debug|Any CPU.ActiveCfg = Debug|Any CPU
		{BD9ECAB9-C0C5-482E-98D5-DAD3E5A16C9B}.Debug|Any CPU.Build.0 = Debug|Any CPU
		{BD9ECAB9-C0C5-482E-98D5-DAD3E5A16C9B}.Release|Any CPU.ActiveCfg = Release|Any CPU
		{BD9ECAB9-C0C5-482E-98D5-DAD3E5A16C9B}.Release|Any CPU.Build.0 = Release|Any CPU
	EndGlobalSection
	GlobalSection(SolutionProperties) = preSolution
		HideSolutionNode = FALSE
	EndGlobalSection
EndGlobal
